// !$*UTF8*$!
{
	archiveVersion = 1;
	classes = {
	};
	objectVersion = 56;
	objects = {

/* Begin PBXBuildFile section */
		939163082A5E326B009FBA6B /* ExerciseSelectionView.swift in Sources */ = {isa = PBXBuildFile; fileRef = 939163072A5E326B009FBA6B /* ExerciseSelectionView.swift */; };
		9391630A2A5F2653009FBA6B /* ProfileView.swift in Sources */ = {isa = PBXBuildFile; fileRef = 939163092A5F2653009FBA6B /* ProfileView.swift */; };
		9391630C2A5F7E37009FBA6B /* TTMeasurementRecord.swift in Sources */ = {isa = PBXBuildFile; fileRef = 9391630B2A5F7E37009FBA6B /* TTMeasurementRecord.swift */; };
		9391630E2A5F8F5A009FBA6B /* MeasurementsView.swift in Sources */ = {isa = PBXBuildFile; fileRef = 9391630D2A5F8F5A009FBA6B /* MeasurementsView.swift */; };
		939163102A5F8FFE009FBA6B /* AddMeasurementsView.swift in Sources */ = {isa = PBXBuildFile; fileRef = 9391630F2A5F8FFE009FBA6B /* AddMeasurementsView.swift */; };
		939163122A61C587009FBA6B /* TTSet.swift in Sources */ = {isa = PBXBuildFile; fileRef = 939163112A61C587009FBA6B /* TTSet.swift */; };
		939163142A61CA98009FBA6B /* WorkoutsView.swift in Sources */ = {isa = PBXBuildFile; fileRef = 939163132A61CA98009FBA6B /* WorkoutsView.swift */; };
		93D525FF2A5CD62C00D69AAC /* TTAction.swift in Sources */ = {isa = PBXBuildFile; fileRef = 93D525FE2A5CD62C00D69AAC /* TTAction.swift */; };
		93D526012A5DD85700D69AAC /* CreateBlockView.swift in Sources */ = {isa = PBXBuildFile; fileRef = 93D526002A5DD85700D69AAC /* CreateBlockView.swift */; };
		93FD56442A5A3F180068E0DB /* TrainTrainApp.swift in Sources */ = {isa = PBXBuildFile; fileRef = 93FD56432A5A3F180068E0DB /* TrainTrainApp.swift */; };
		93FD56462A5A3F180068E0DB /* ContentView.swift in Sources */ = {isa = PBXBuildFile; fileRef = 93FD56452A5A3F180068E0DB /* ContentView.swift */; };
		93FD56482A5A3F1E0068E0DB /* Assets.xcassets in Resources */ = {isa = PBXBuildFile; fileRef = 93FD56472A5A3F1E0068E0DB /* Assets.xcassets */; };
		93FD564B2A5A3F1E0068E0DB /* Preview Assets.xcassets in Resources */ = {isa = PBXBuildFile; fileRef = 93FD564A2A5A3F1E0068E0DB /* Preview Assets.xcassets */; };
		93FD56522A5A3F560068E0DB /* TTWorkout.swift in Sources */ = {isa = PBXBuildFile; fileRef = 93FD56512A5A3F560068E0DB /* TTWorkout.swift */; };
		93FD56542A5A426B0068E0DB /* WorkoutDetailView.swift in Sources */ = {isa = PBXBuildFile; fileRef = 93FD56532A5A426B0068E0DB /* WorkoutDetailView.swift */; };
		93FD56582A5C80570068E0DB /* TTBlock.swift in Sources */ = {isa = PBXBuildFile; fileRef = 93FD56572A5C80570068E0DB /* TTBlock.swift */; };
/* End PBXBuildFile section */

/* Begin PBXFileReference section */
		939163072A5E326B009FBA6B /* ExerciseSelectionView.swift */ = {isa = PBXFileReference; lastKnownFileType = sourcecode.swift; path = ExerciseSelectionView.swift; sourceTree = "<group>"; };
		939163092A5F2653009FBA6B /* ProfileView.swift */ = {isa = PBXFileReference; lastKnownFileType = sourcecode.swift; path = ProfileView.swift; sourceTree = "<group>"; };
		9391630B2A5F7E37009FBA6B /* TTMeasurementRecord.swift */ = {isa = PBXFileReference; lastKnownFileType = sourcecode.swift; path = TTMeasurementRecord.swift; sourceTree = "<group>"; };
		9391630D2A5F8F5A009FBA6B /* MeasurementsView.swift */ = {isa = PBXFileReference; lastKnownFileType = sourcecode.swift; path = MeasurementsView.swift; sourceTree = "<group>"; };
		9391630F2A5F8FFE009FBA6B /* AddMeasurementsView.swift */ = {isa = PBXFileReference; lastKnownFileType = sourcecode.swift; path = AddMeasurementsView.swift; sourceTree = "<group>"; };
		939163112A61C587009FBA6B /* TTSet.swift */ = {isa = PBXFileReference; lastKnownFileType = sourcecode.swift; path = TTSet.swift; sourceTree = "<group>"; };
		939163132A61CA98009FBA6B /* WorkoutsView.swift */ = {isa = PBXFileReference; lastKnownFileType = sourcecode.swift; path = WorkoutsView.swift; sourceTree = "<group>"; };
		93D525FE2A5CD62C00D69AAC /* TTAction.swift */ = {isa = PBXFileReference; lastKnownFileType = sourcecode.swift; path = TTAction.swift; sourceTree = "<group>"; };
		93D526002A5DD85700D69AAC /* CreateBlockView.swift */ = {isa = PBXFileReference; lastKnownFileType = sourcecode.swift; path = CreateBlockView.swift; sourceTree = "<group>"; };
		93FD56402A5A3F180068E0DB /* TrainTrain.app */ = {isa = PBXFileReference; explicitFileType = wrapper.application; includeInIndex = 0; path = TrainTrain.app; sourceTree = BUILT_PRODUCTS_DIR; };
		93FD56432A5A3F180068E0DB /* TrainTrainApp.swift */ = {isa = PBXFileReference; lastKnownFileType = sourcecode.swift; path = TrainTrainApp.swift; sourceTree = "<group>"; };
		93FD56452A5A3F180068E0DB /* ContentView.swift */ = {isa = PBXFileReference; lastKnownFileType = sourcecode.swift; path = ContentView.swift; sourceTree = "<group>"; };
		93FD56472A5A3F1E0068E0DB /* Assets.xcassets */ = {isa = PBXFileReference; lastKnownFileType = folder.assetcatalog; path = Assets.xcassets; sourceTree = "<group>"; };
		93FD564A2A5A3F1E0068E0DB /* Preview Assets.xcassets */ = {isa = PBXFileReference; lastKnownFileType = folder.assetcatalog; path = "Preview Assets.xcassets"; sourceTree = "<group>"; };
		93FD56512A5A3F560068E0DB /* TTWorkout.swift */ = {isa = PBXFileReference; lastKnownFileType = sourcecode.swift; path = TTWorkout.swift; sourceTree = "<group>"; };
		93FD56532A5A426B0068E0DB /* WorkoutDetailView.swift */ = {isa = PBXFileReference; lastKnownFileType = sourcecode.swift; path = WorkoutDetailView.swift; sourceTree = "<group>"; };
		93FD56572A5C80570068E0DB /* TTBlock.swift */ = {isa = PBXFileReference; lastKnownFileType = sourcecode.swift; path = TTBlock.swift; sourceTree = "<group>"; };
/* End PBXFileReference section */

/* Begin PBXFrameworksBuildPhase section */
		93FD563D2A5A3F180068E0DB /* Frameworks */ = {
			isa = PBXFrameworksBuildPhase;
			buildActionMask = 2147483647;
			files = (
			);
			runOnlyForDeploymentPostprocessing = 0;
		};
/* End PBXFrameworksBuildPhase section */

/* Begin PBXGroup section */
		939163152A61CD03009FBA6B /* Model */ = {
			isa = PBXGroup;
			children = (
				93FD56512A5A3F560068E0DB /* TTWorkout.swift */,
				93FD56572A5C80570068E0DB /* TTBlock.swift */,
				93D525FE2A5CD62C00D69AAC /* TTAction.swift */,
				939163112A61C587009FBA6B /* TTSet.swift */,
				9391630B2A5F7E37009FBA6B /* TTMeasurementRecord.swift */,
			);
			path = Model;
			sourceTree = "<group>";
		};
		939163162A61CD16009FBA6B /* View */ = {
			isa = PBXGroup;
			children = (
				939163132A61CA98009FBA6B /* WorkoutsView.swift */,
				93FD56532A5A426B0068E0DB /* WorkoutDetailView.swift */,
				93D526002A5DD85700D69AAC /* CreateBlockView.swift */,
				939163072A5E326B009FBA6B /* ExerciseSelectionView.swift */,
				939163092A5F2653009FBA6B /* ProfileView.swift */,
				9391630D2A5F8F5A009FBA6B /* MeasurementsView.swift */,
				9391630F2A5F8FFE009FBA6B /* AddMeasurementsView.swift */,
			);
			path = View;
			sourceTree = "<group>";
		};
		93FD56372A5A3F180068E0DB = {
			isa = PBXGroup;
			children = (
				93FD56422A5A3F180068E0DB /* TrainTrain */,
				93FD56412A5A3F180068E0DB /* Products */,
			);
			sourceTree = "<group>";
		};
		93FD56412A5A3F180068E0DB /* Products */ = {
			isa = PBXGroup;
			children = (
				93FD56402A5A3F180068E0DB /* TrainTrain.app */,
			);
			name = Products;
			sourceTree = "<group>";
		};
		93FD56422A5A3F180068E0DB /* TrainTrain */ = {
			isa = PBXGroup;
			children = (
				939163162A61CD16009FBA6B /* View */,
				939163152A61CD03009FBA6B /* Model */,
				93FD56432A5A3F180068E0DB /* TrainTrainApp.swift */,
				93FD56452A5A3F180068E0DB /* ContentView.swift */,
				93FD56472A5A3F1E0068E0DB /* Assets.xcassets */,
				93FD56492A5A3F1E0068E0DB /* Preview Content */,
			);
			path = TrainTrain;
			sourceTree = "<group>";
		};
		93FD56492A5A3F1E0068E0DB /* Preview Content */ = {
			isa = PBXGroup;
			children = (
				93FD564A2A5A3F1E0068E0DB /* Preview Assets.xcassets */,
			);
			path = "Preview Content";
			sourceTree = "<group>";
		};
/* End PBXGroup section */

/* Begin PBXNativeTarget section */
		93FD563F2A5A3F180068E0DB /* TrainTrain */ = {
			isa = PBXNativeTarget;
			buildConfigurationList = 93FD564E2A5A3F1E0068E0DB /* Build configuration list for PBXNativeTarget "TrainTrain" */;
			buildPhases = (
				93FD563C2A5A3F180068E0DB /* Sources */,
				93FD563D2A5A3F180068E0DB /* Frameworks */,
				93FD563E2A5A3F180068E0DB /* Resources */,
			);
			buildRules = (
			);
			dependencies = (
			);
			name = TrainTrain;
			productName = TrainTrain;
			productReference = 93FD56402A5A3F180068E0DB /* TrainTrain.app */;
			productType = "com.apple.product-type.application";
		};
/* End PBXNativeTarget section */

/* Begin PBXProject section */
		93FD56382A5A3F180068E0DB /* Project object */ = {
			isa = PBXProject;
			attributes = {
				BuildIndependentTargetsInParallel = 1;
				LastSwiftUpdateCheck = 1500;
				LastUpgradeCheck = 1500;
				TargetAttributes = {
					93FD563F2A5A3F180068E0DB = {
						CreatedOnToolsVersion = 15.0;
					};
				};
			};
			buildConfigurationList = 93FD563B2A5A3F180068E0DB /* Build configuration list for PBXProject "TrainTrain" */;
			compatibilityVersion = "Xcode 14.0";
			developmentRegion = en;
			hasScannedForEncodings = 0;
			knownRegions = (
				en,
				Base,
			);
			mainGroup = 93FD56372A5A3F180068E0DB;
			productRefGroup = 93FD56412A5A3F180068E0DB /* Products */;
			projectDirPath = "";
			projectRoot = "";
			targets = (
				93FD563F2A5A3F180068E0DB /* TrainTrain */,
			);
		};
/* End PBXProject section */

/* Begin PBXResourcesBuildPhase section */
		93FD563E2A5A3F180068E0DB /* Resources */ = {
			isa = PBXResourcesBuildPhase;
			buildActionMask = 2147483647;
			files = (
				93FD564B2A5A3F1E0068E0DB /* Preview Assets.xcassets in Resources */,
				93FD56482A5A3F1E0068E0DB /* Assets.xcassets in Resources */,
			);
			runOnlyForDeploymentPostprocessing = 0;
		};
/* End PBXResourcesBuildPhase section */

/* Begin PBXSourcesBuildPhase section */
		93FD563C2A5A3F180068E0DB /* Sources */ = {
			isa = PBXSourcesBuildPhase;
			buildActionMask = 2147483647;
			files = (
				93FD56582A5C80570068E0DB /* TTBlock.swift in Sources */,
				9391630A2A5F2653009FBA6B /* ProfileView.swift in Sources */,
				93FD56522A5A3F560068E0DB /* TTWorkout.swift in Sources */,
				9391630E2A5F8F5A009FBA6B /* MeasurementsView.swift in Sources */,
				93D526012A5DD85700D69AAC /* CreateBlockView.swift in Sources */,
				939163102A5F8FFE009FBA6B /* AddMeasurementsView.swift in Sources */,
				93FD56462A5A3F180068E0DB /* ContentView.swift in Sources */,
				93D525FF2A5CD62C00D69AAC /* TTAction.swift in Sources */,
				93FD56442A5A3F180068E0DB /* TrainTrainApp.swift in Sources */,
				939163122A61C587009FBA6B /* TTSet.swift in Sources */,
				93FD56542A5A426B0068E0DB /* WorkoutDetailView.swift in Sources */,
				939163082A5E326B009FBA6B /* ExerciseSelectionView.swift in Sources */,
				939163142A61CA98009FBA6B /* WorkoutsView.swift in Sources */,
				9391630C2A5F7E37009FBA6B /* TTMeasurementRecord.swift in Sources */,
			);
			runOnlyForDeploymentPostprocessing = 0;
		};
/* End PBXSourcesBuildPhase section */

/* Begin XCBuildConfiguration section */
		93FD564C2A5A3F1E0068E0DB /* Debug */ = {
			isa = XCBuildConfiguration;
			buildSettings = {
				ALWAYS_SEARCH_USER_PATHS = NO;
				ASSETCATALOG_COMPILER_GENERATE_SWIFT_ASSET_SYMBOL_EXTENSIONS = YES;
				CLANG_ANALYZER_NONNULL = YES;
				CLANG_ANALYZER_NUMBER_OBJECT_CONVERSION = YES_AGGRESSIVE;
				CLANG_CXX_LANGUAGE_STANDARD = "gnu++20";
				CLANG_ENABLE_MODULES = YES;
				CLANG_ENABLE_OBJC_ARC = YES;
				CLANG_ENABLE_OBJC_WEAK = YES;
				CLANG_WARN_BLOCK_CAPTURE_AUTORELEASING = YES;
				CLANG_WARN_BOOL_CONVERSION = YES;
				CLANG_WARN_COMMA = YES;
				CLANG_WARN_CONSTANT_CONVERSION = YES;
				CLANG_WARN_DEPRECATED_OBJC_IMPLEMENTATIONS = YES;
				CLANG_WARN_DIRECT_OBJC_ISA_USAGE = YES_ERROR;
				CLANG_WARN_DOCUMENTATION_COMMENTS = YES;
				CLANG_WARN_EMPTY_BODY = YES;
				CLANG_WARN_ENUM_CONVERSION = YES;
				CLANG_WARN_INFINITE_RECURSION = YES;
				CLANG_WARN_INT_CONVERSION = YES;
				CLANG_WARN_NON_LITERAL_NULL_CONVERSION = YES;
				CLANG_WARN_OBJC_IMPLICIT_RETAIN_SELF = YES;
				CLANG_WARN_OBJC_LITERAL_CONVERSION = YES;
				CLANG_WARN_OBJC_ROOT_CLASS = YES_ERROR;
				CLANG_WARN_QUOTED_INCLUDE_IN_FRAMEWORK_HEADER = YES;
				CLANG_WARN_RANGE_LOOP_ANALYSIS = YES;
				CLANG_WARN_STRICT_PROTOTYPES = YES;
				CLANG_WARN_SUSPICIOUS_MOVE = YES;
				CLANG_WARN_UNGUARDED_AVAILABILITY = YES_AGGRESSIVE;
				CLANG_WARN_UNREACHABLE_CODE = YES;
				CLANG_WARN__DUPLICATE_METHOD_MATCH = YES;
				COPY_PHASE_STRIP = NO;
				DEBUG_INFORMATION_FORMAT = dwarf;
				ENABLE_STRICT_OBJC_MSGSEND = YES;
				ENABLE_TESTABILITY = YES;
				ENABLE_USER_SCRIPT_SANDBOXING = YES;
				GCC_C_LANGUAGE_STANDARD = gnu17;
				GCC_DYNAMIC_NO_PIC = NO;
				GCC_NO_COMMON_BLOCKS = YES;
				GCC_OPTIMIZATION_LEVEL = 0;
				GCC_PREPROCESSOR_DEFINITIONS = (
					"DEBUG=1",
					"$(inherited)",
				);
				GCC_WARN_64_TO_32_BIT_CONVERSION = YES;
				GCC_WARN_ABOUT_RETURN_TYPE = YES_ERROR;
				GCC_WARN_UNDECLARED_SELECTOR = YES;
				GCC_WARN_UNINITIALIZED_AUTOS = YES_AGGRESSIVE;
				GCC_WARN_UNUSED_FUNCTION = YES;
				GCC_WARN_UNUSED_VARIABLE = YES;
				IPHONEOS_DEPLOYMENT_TARGET = 17.0;
				LOCALIZATION_PREFERS_STRING_CATALOGS = YES;
				MTL_ENABLE_DEBUG_INFO = INCLUDE_SOURCE;
				MTL_FAST_MATH = YES;
				ONLY_ACTIVE_ARCH = YES;
				SDKROOT = iphoneos;
				SWIFT_ACTIVE_COMPILATION_CONDITIONS = "DEBUG $(inherited)";
				SWIFT_OPTIMIZATION_LEVEL = "-Onone";
			};
			name = Debug;
		};
		93FD564D2A5A3F1E0068E0DB /* Release */ = {
			isa = XCBuildConfiguration;
			buildSettings = {
				ALWAYS_SEARCH_USER_PATHS = NO;
				ASSETCATALOG_COMPILER_GENERATE_SWIFT_ASSET_SYMBOL_EXTENSIONS = YES;
				CLANG_ANALYZER_NONNULL = YES;
				CLANG_ANALYZER_NUMBER_OBJECT_CONVERSION = YES_AGGRESSIVE;
				CLANG_CXX_LANGUAGE_STANDARD = "gnu++20";
				CLANG_ENABLE_MODULES = YES;
				CLANG_ENABLE_OBJC_ARC = YES;
				CLANG_ENABLE_OBJC_WEAK = YES;
				CLANG_WARN_BLOCK_CAPTURE_AUTORELEASING = YES;
				CLANG_WARN_BOOL_CONVERSION = YES;
				CLANG_WARN_COMMA = YES;
				CLANG_WARN_CONSTANT_CONVERSION = YES;
				CLANG_WARN_DEPRECATED_OBJC_IMPLEMENTATIONS = YES;
				CLANG_WARN_DIRECT_OBJC_ISA_USAGE = YES_ERROR;
				CLANG_WARN_DOCUMENTATION_COMMENTS = YES;
				CLANG_WARN_EMPTY_BODY = YES;
				CLANG_WARN_ENUM_CONVERSION = YES;
				CLANG_WARN_INFINITE_RECURSION = YES;
				CLANG_WARN_INT_CONVERSION = YES;
				CLANG_WARN_NON_LITERAL_NULL_CONVERSION = YES;
				CLANG_WARN_OBJC_IMPLICIT_RETAIN_SELF = YES;
				CLANG_WARN_OBJC_LITERAL_CONVERSION = YES;
				CLANG_WARN_OBJC_ROOT_CLASS = YES_ERROR;
				CLANG_WARN_QUOTED_INCLUDE_IN_FRAMEWORK_HEADER = YES;
				CLANG_WARN_RANGE_LOOP_ANALYSIS = YES;
				CLANG_WARN_STRICT_PROTOTYPES = YES;
				CLANG_WARN_SUSPICIOUS_MOVE = YES;
				CLANG_WARN_UNGUARDED_AVAILABILITY = YES_AGGRESSIVE;
				CLANG_WARN_UNREACHABLE_CODE = YES;
				CLANG_WARN__DUPLICATE_METHOD_MATCH = YES;
				COPY_PHASE_STRIP = NO;
				DEBUG_INFORMATION_FORMAT = "dwarf-with-dsym";
				ENABLE_NS_ASSERTIONS = NO;
				ENABLE_STRICT_OBJC_MSGSEND = YES;
				ENABLE_USER_SCRIPT_SANDBOXING = YES;
				GCC_C_LANGUAGE_STANDARD = gnu17;
				GCC_NO_COMMON_BLOCKS = YES;
				GCC_WARN_64_TO_32_BIT_CONVERSION = YES;
				GCC_WARN_ABOUT_RETURN_TYPE = YES_ERROR;
				GCC_WARN_UNDECLARED_SELECTOR = YES;
				GCC_WARN_UNINITIALIZED_AUTOS = YES_AGGRESSIVE;
				GCC_WARN_UNUSED_FUNCTION = YES;
				GCC_WARN_UNUSED_VARIABLE = YES;
				IPHONEOS_DEPLOYMENT_TARGET = 17.0;
				LOCALIZATION_PREFERS_STRING_CATALOGS = YES;
				MTL_ENABLE_DEBUG_INFO = NO;
				MTL_FAST_MATH = YES;
				SDKROOT = iphoneos;
				SWIFT_COMPILATION_MODE = wholemodule;
				VALIDATE_PRODUCT = YES;
			};
			name = Release;
		};
		93FD564F2A5A3F1E0068E0DB /* Debug */ = {
			isa = XCBuildConfiguration;
			buildSettings = {
				ASSETCATALOG_COMPILER_APPICON_NAME = AppIcon;
				ASSETCATALOG_COMPILER_GLOBAL_ACCENT_COLOR_NAME = AccentColor;
				CODE_SIGN_STYLE = Automatic;
				CURRENT_PROJECT_VERSION = 1;
				DEVELOPMENT_ASSET_PATHS = "\"TrainTrain/Preview Content\"";
				DEVELOPMENT_TEAM = 43SS4W48UT;
				ENABLE_PREVIEWS = YES;
				GENERATE_INFOPLIST_FILE = YES;
				INFOPLIST_KEY_UIApplicationSceneManifest_Generation = YES;
				INFOPLIST_KEY_UIApplicationSupportsIndirectInputEvents = YES;
				INFOPLIST_KEY_UILaunchScreen_Generation = YES;
				INFOPLIST_KEY_UISupportedInterfaceOrientations_iPad = "UIInterfaceOrientationPortrait UIInterfaceOrientationPortraitUpsideDown UIInterfaceOrientationLandscapeLeft UIInterfaceOrientationLandscapeRight";
				INFOPLIST_KEY_UISupportedInterfaceOrientations_iPhone = "UIInterfaceOrientationPortrait UIInterfaceOrientationLandscapeLeft UIInterfaceOrientationLandscapeRight";
				LD_RUNPATH_SEARCH_PATHS = (
					"$(inherited)",
					"@executable_path/Frameworks",
				);
				MARKETING_VERSION = 1.0;
				PRODUCT_BUNDLE_IDENTIFIER = com.richardmaycode.TrainTrain;
				PRODUCT_NAME = "$(TARGET_NAME)";
				SWIFT_EMIT_LOC_STRINGS = YES;
				SWIFT_VERSION = 5.0;
				TARGETED_DEVICE_FAMILY = "1,2";
			};
			name = Debug;
		};
		93FD56502A5A3F1E0068E0DB /* Release */ = {
			isa = XCBuildConfiguration;
			buildSettings = {
				ASSETCATALOG_COMPILER_APPICON_NAME = AppIcon;
				ASSETCATALOG_COMPILER_GLOBAL_ACCENT_COLOR_NAME = AccentColor;
				CODE_SIGN_STYLE = Automatic;
				CURRENT_PROJECT_VERSION = 1;
				DEVELOPMENT_ASSET_PATHS = "\"TrainTrain/Preview Content\"";
				DEVELOPMENT_TEAM = 43SS4W48UT;
				ENABLE_PREVIEWS = YES;
				GENERATE_INFOPLIST_FILE = YES;
				INFOPLIST_KEY_UIApplicationSceneManifest_Generation = YES;
				INFOPLIST_KEY_UIApplicationSupportsIndirectInputEvents = YES;
				INFOPLIST_KEY_UILaunchScreen_Generation = YES;
				INFOPLIST_KEY_UISupportedInterfaceOrientations_iPad = "UIInterfaceOrientationPortrait UIInterfaceOrientationPortraitUpsideDown UIInterfaceOrientationLandscapeLeft UIInterfaceOrientationLandscapeRight";
				INFOPLIST_KEY_UISupportedInterfaceOrientations_iPhone = "UIInterfaceOrientationPortrait UIInterfaceOrientationLandscapeLeft UIInterfaceOrientationLandscapeRight";
				LD_RUNPATH_SEARCH_PATHS = (
					"$(inherited)",
					"@executable_path/Frameworks",
				);
				MARKETING_VERSION = 1.0;
				PRODUCT_BUNDLE_IDENTIFIER = com.richardmaycode.TrainTrain;
				PRODUCT_NAME = "$(TARGET_NAME)";
				SWIFT_EMIT_LOC_STRINGS = YES;
				SWIFT_VERSION = 5.0;
				TARGETED_DEVICE_FAMILY = "1,2";
			};
			name = Release;
		};
/* End XCBuildConfiguration section */

/* Begin XCConfigurationList section */
		93FD563B2A5A3F180068E0DB /* Build configuration list for PBXProject "TrainTrain" */ = {
			isa = XCConfigurationList;
			buildConfigurations = (
				93FD564C2A5A3F1E0068E0DB /* Debug */,
				93FD564D2A5A3F1E0068E0DB /* Release */,
			);
			defaultConfigurationIsVisible = 0;
			defaultConfigurationName = Release;
		};
		93FD564E2A5A3F1E0068E0DB /* Build configuration list for PBXNativeTarget "TrainTrain" */ = {
			isa = XCConfigurationList;
			buildConfigurations = (
				93FD564F2A5A3F1E0068E0DB /* Debug */,
				93FD56502A5A3F1E0068E0DB /* Release */,
			);
			defaultConfigurationIsVisible = 0;
			defaultConfigurationName = Release;
		};
/* End XCConfigurationList section */
	};
	rootObject = 93FD56382A5A3F180068E0DB /* Project object */;
}
